
Microsoft Visual Studio Solution File, Format Version 12.00
# Visual Studio Version 17
VisualStudioVersion = 17.4.33110.190
MinimumVisualStudioVersion = 10.0.40219.1
Project("{FAE04EC0-301F-11D3-BF4B-00C04F79EFBC}") = "DDDInPractice.Logic", "DDDInPractice.Logic\DDDInPractice.Logic.csproj", "{0C870365-DE9C-4766-B6AB-66AC35E22B98}"
EndProject
Global
	GlobalSection(SolutionConfigurationPlatforms) = preSolution
		Debug|Any CPU = Debug|Any CPU
		Release|Any CPU = Release|Any CPU
	EndGlobalSection
	GlobalSection(ProjectConfigurationPlatforms) = postSolution
		{0C870365-DE9C-4766-B6AB-66AC35E22B98}.Debug|Any CPU.ActiveCfg = Debug|Any CPU
		{0C870365-DE9C-4766-B6AB-66AC35E22B98}.Debug|Any CPU.Build.0 = Debug|Any CPU
		{0C870365-DE9C-4766-B6AB-66AC35E22B98}.Release|Any CPU.ActiveCfg = Release|Any CPU
		{0C870365-DE9C-4766-B6AB-66AC35E22B98}.Release|Any CPU.Build.0 = Release|Any CPU
	EndGlobalSection
	GlobalSection(SolutionProperties) = preSolution
		HideSolutionNode = FALSE
	EndGlobalSection
	GlobalSection(ExtensibilityGlobals) = postSolution
		SolutionGuid = {AABA61B5-99DF-4B53-9899-0DE0275DEA23}
	EndGlobalSection
EndGlobal
